
Microsoft Visual Studio Solution File, Format Version 12.00
# Visual Studio 15
VisualStudioVersion = 15.0.28307.489
MinimumVisualStudioVersion = 10.0.40219.1
Project("{8BC9CEB8-8B4A-11D0-8D11-00A0C91BC942}") = "ConsoleApplication1", "ConsoleApplication1\ConsoleApplication1.vcxproj", "{4FF323B6-03C1-4DFE-B2F2-EEB9F553A3B3}"
EndProject
Global
	GlobalSection(SolutionConfigurationPlatforms) = preSolution
		Debug|x64 = Debug|x64
		Debug|x86 = Debug|x86
		Release|x64 = Release|x64
		Release|x86 = Release|x86
	EndGlobalSection
	GlobalSection(ProjectConfigurationPlatforms) = postSolution
		{4FF323B6-03C1-4DFE-B2F2-EEB9F553A3B3}.Debug|x64.ActiveCfg = Debug|x64
		{4FF323B6-03C1-4DFE-B2F2-EEB9F553A3B3}.Debug|x64.Build.0 = Debug|x64
		{4FF323B6-03C1-4DFE-B2F2-EEB9F553A3B3}.Debug|x86.ActiveCfg = Debug|Win32
		{4FF323B6-03C1-4DFE-B2F2-EEB9F553A3B3}.Debug|x86.Build.0 = Debug|Win32
		{4FF323B6-03C1-4DFE-B2F2-EEB9F553A3B3}.Release|x64.ActiveCfg = Release|x64
		{4FF323B6-03C1-4DFE-B2F2-EEB9F553A3B3}.Release|x64.Build.0 = Release|x64
		{4FF323B6-03C1-4DFE-B2F2-EEB9F553A3B3}.Release|x86.ActiveCfg = Release|Win32
		{4FF323B6-03C1-4DFE-B2F2-EEB9F553A3B3}.Release|x86.Build.0 = Release|Win32
	EndGlobalSection
	GlobalSection(SolutionProperties) = preSolution
		HideSolutionNode = FALSE
	EndGlobalSection
	GlobalSection(ExtensibilityGlobals) = postSolution
		SolutionGuid = {303AEA54-39B6-4345-A292-7A1197B5C920}
	EndGlobalSection
EndGlobal
